
Microsoft Visual Studio Solution File, Format Version 12.00
# Visual Studio 15
VisualStudioVersion = 15.0.28010.2048
MinimumVisualStudioVersion = 10.0.40219.1
Project("{FAE04EC0-301F-11D3-BF4B-00C04F79EFBC}") = "EfSamurai.Data", "EfSamurai.Data\EfSamurai.Data.csproj", "{8F576385-D674-4C7D-9C90-E540AD22E216}"
EndProject
Project("{FAE04EC0-301F-11D3-BF4B-00C04F79EFBC}") = "EfSamurai.Domain", "EfSamurai.Domain\EfSamurai.Domain.csproj", "{7C748AF0-BF18-470D-AE67-E554C73340E8}"
EndProject
Project("{FAE04EC0-301F-11D3-BF4B-00C04F79EFBC}") = "EfSamurai.App", "EfSamurai.App\EfSamurai.App.csproj", "{DC15D0DE-099C-4BCC-BA2F-86A49E40F35D}"
EndProject
Global
	GlobalSection(SolutionConfigurationPlatforms) = preSolution
		Debug|Any CPU = Debug|Any CPU
		Release|Any CPU = Release|Any CPU
	EndGlobalSection
	GlobalSection(ProjectConfigurationPlatforms) = postSolution
		{8F576385-D674-4C7D-9C90-E540AD22E216}.Debug|Any CPU.ActiveCfg = Debug|Any CPU
		{8F576385-D674-4C7D-9C90-E540AD22E216}.Debug|Any CPU.Build.0 = Debug|Any CPU
		{8F576385-D674-4C7D-9C90-E540AD22E216}.Release|Any CPU.ActiveCfg = Release|Any CPU
		{8F576385-D674-4C7D-9C90-E540AD22E216}.Release|Any CPU.Build.0 = Release|Any CPU
		{7C748AF0-BF18-470D-AE67-E554C73340E8}.Debug|Any CPU.ActiveCfg = Debug|Any CPU
		{7C748AF0-BF18-470D-AE67-E554C73340E8}.Debug|Any CPU.Build.0 = Debug|Any CPU
		{7C748AF0-BF18-470D-AE67-E554C73340E8}.Release|Any CPU.ActiveCfg = Release|Any CPU
		{7C748AF0-BF18-470D-AE67-E554C73340E8}.Release|Any CPU.Build.0 = Release|Any CPU
		{DC15D0DE-099C-4BCC-BA2F-86A49E40F35D}.Debug|Any CPU.ActiveCfg = Debug|Any CPU
		{DC15D0DE-099C-4BCC-BA2F-86A49E40F35D}.Debug|Any CPU.Build.0 = Debug|Any CPU
		{DC15D0DE-099C-4BCC-BA2F-86A49E40F35D}.Release|Any CPU.ActiveCfg = Release|Any CPU
		{DC15D0DE-099C-4BCC-BA2F-86A49E40F35D}.Release|Any CPU.Build.0 = Release|Any CPU
	EndGlobalSection
	GlobalSection(SolutionProperties) = preSolution
		HideSolutionNode = FALSE
	EndGlobalSection
	GlobalSection(ExtensibilityGlobals) = postSolution
		SolutionGuid = {988752F1-9DAB-4D60-A5E2-5E5685385826}
	EndGlobalSection
EndGlobal
